
Microsoft Visual Studio Solution File, Format Version 12.00
# Visual Studio Version 17
VisualStudioVersion = 17.6.33815.320
MinimumVisualStudioVersion = 10.0.40219.1
Project("{FAE04EC0-301F-11D3-BF4B-00C04F79EFBC}") = "NLayer.Core", "NLayer.Core\NLayer.Core.csproj", "{E786A533-7E0D-452B-986A-F2AF193F9E5A}"
EndProject
Project("{FAE04EC0-301F-11D3-BF4B-00C04F79EFBC}") = "NLayer.Repository", "NLayer.Repository\NLayer.Repository.csproj", "{ED0A3A90-D4FF-4692-88E5-46E1B80B14B9}"
EndProject
Project("{FAE04EC0-301F-11D3-BF4B-00C04F79EFBC}") = "NLayer.Service", "NLayer.Service\NLayer.Service.csproj", "{3A6C7BAA-6BB2-4974-8BAD-A05DAD63226A}"
EndProject
Project("{FAE04EC0-301F-11D3-BF4B-00C04F79EFBC}") = "NLayer.API", "NLayer.API\NLayer.API.csproj", "{FAECF43D-E43A-4D92-BA6C-637B77884214}"
EndProject
Project("{FAE04EC0-301F-11D3-BF4B-00C04F79EFBC}") = "NLayer.Web", "NLayer.Web\NLayer.Web.csproj", "{562A85CF-95F4-492C-AA4C-F53A347F112B}"
EndProject
Project("{FAE04EC0-301F-11D3-BF4B-00C04F79EFBC}") = "NLayer.Caching", "NLayer.Caching\NLayer.Caching.csproj", "{48A9B8A5-D48C-4B85-A2B2-7612400E428C}"
EndProject
Global
	GlobalSection(SolutionConfigurationPlatforms) = preSolution
		Debug|Any CPU = Debug|Any CPU
		Release|Any CPU = Release|Any CPU
	EndGlobalSection
	GlobalSection(ProjectConfigurationPlatforms) = postSolution
		{E786A533-7E0D-452B-986A-F2AF193F9E5A}.Debug|Any CPU.ActiveCfg = Debug|Any CPU
		{E786A533-7E0D-452B-986A-F2AF193F9E5A}.Debug|Any CPU.Build.0 = Debug|Any CPU
		{E786A533-7E0D-452B-986A-F2AF193F9E5A}.Release|Any CPU.ActiveCfg = Release|Any CPU
		{E786A533-7E0D-452B-986A-F2AF193F9E5A}.Release|Any CPU.Build.0 = Release|Any CPU
		{ED0A3A90-D4FF-4692-88E5-46E1B80B14B9}.Debug|Any CPU.ActiveCfg = Debug|Any CPU
		{ED0A3A90-D4FF-4692-88E5-46E1B80B14B9}.Debug|Any CPU.Build.0 = Debug|Any CPU
		{ED0A3A90-D4FF-4692-88E5-46E1B80B14B9}.Release|Any CPU.ActiveCfg = Release|Any CPU
		{ED0A3A90-D4FF-4692-88E5-46E1B80B14B9}.Release|Any CPU.Build.0 = Release|Any CPU
		{3A6C7BAA-6BB2-4974-8BAD-A05DAD63226A}.Debug|Any CPU.ActiveCfg = Debug|Any CPU
		{3A6C7BAA-6BB2-4974-8BAD-A05DAD63226A}.Debug|Any CPU.Build.0 = Debug|Any CPU
		{3A6C7BAA-6BB2-4974-8BAD-A05DAD63226A}.Release|Any CPU.ActiveCfg = Release|Any CPU
		{3A6C7BAA-6BB2-4974-8BAD-A05DAD63226A}.Release|Any CPU.Build.0 = Release|Any CPU
		{FAECF43D-E43A-4D92-BA6C-637B77884214}.Debug|Any CPU.ActiveCfg = Debug|Any CPU
		{FAECF43D-E43A-4D92-BA6C-637B77884214}.Debug|Any CPU.Build.0 = Debug|Any CPU
		{FAECF43D-E43A-4D92-BA6C-637B77884214}.Release|Any CPU.ActiveCfg = Release|Any CPU
		{FAECF43D-E43A-4D92-BA6C-637B77884214}.Release|Any CPU.Build.0 = Release|Any CPU
		{562A85CF-95F4-492C-AA4C-F53A347F112B}.Debug|Any CPU.ActiveCfg = Debug|Any CPU
		{562A85CF-95F4-492C-AA4C-F53A347F112B}.Debug|Any CPU.Build.0 = Debug|Any CPU
		{562A85CF-95F4-492C-AA4C-F53A347F112B}.Release|Any CPU.ActiveCfg = Release|Any CPU
		{562A85CF-95F4-492C-AA4C-F53A347F112B}.Release|Any CPU.Build.0 = Release|Any CPU
		{48A9B8A5-D48C-4B85-A2B2-7612400E428C}.Debug|Any CPU.ActiveCfg = Debug|Any CPU
		{48A9B8A5-D48C-4B85-A2B2-7612400E428C}.Debug|Any CPU.Build.0 = Debug|Any CPU
		{48A9B8A5-D48C-4B85-A2B2-7612400E428C}.Release|Any CPU.ActiveCfg = Release|Any CPU
		{48A9B8A5-D48C-4B85-A2B2-7612400E428C}.Release|Any CPU.Build.0 = Release|Any CPU
	EndGlobalSection
	GlobalSection(SolutionProperties) = preSolution
		HideSolutionNode = FALSE
	EndGlobalSection
	GlobalSection(ExtensibilityGlobals) = postSolution
		SolutionGuid = {F5E179C5-7A82-4FF1-AF9D-E53F51150264}
	EndGlobalSection
EndGlobal
